// !$*UTF8*$!
{
	archiveVersion = 1;
	classes = {
	};
	objectVersion = 48;
	objects = {

/* Begin PBXBuildFile section */
		9B4D23511F9EC8D700C9926C /* RankingTableViewCell.swift in Sources */ = {isa = PBXBuildFile; fileRef = 9B4D23501F9EC8D700C9926C /* RankingTableViewCell.swift */; };
		9B4D23561F9ED8D200C9926C /* Question.swift in Sources */ = {isa = PBXBuildFile; fileRef = 9B4D23551F9ED8D200C9926C /* Question.swift */; };
		9B6EDBAD1FA21C4E00A7387F /* RankingManagement.swift in Sources */ = {isa = PBXBuildFile; fileRef = 9B6EDBAC1FA21C4E00A7387F /* RankingManagement.swift */; };
		9B6EDBAF1FA225AE00A7387F /* QuestionsManagement.swift in Sources */ = {isa = PBXBuildFile; fileRef = 9B6EDBAE1FA225AE00A7387F /* QuestionsManagement.swift */; };
		9B6EDBB21FA23E6200A7387F /* background-login-image.jpg in Resources */ = {isa = PBXBuildFile; fileRef = 9B6EDBB11FA23E5F00A7387F /* background-login-image.jpg */; };
		9B6EDBB51FA2423400A7387F /* Shorthalt_Personal_Use.otf in Resources */ = {isa = PBXBuildFile; fileRef = 9B6EDBB31FA2422E00A7387F /* Shorthalt_Personal_Use.otf */; };
		9B6EDBB61FA2423700A7387F /* Shorthalt_Thin_Personal_Use.otf in Resources */ = {isa = PBXBuildFile; fileRef = 9B6EDBB41FA2423000A7387F /* Shorthalt_Thin_Personal_Use.otf */; };
		9B78EC161F9E98740028AED5 /* AppDelegate.swift in Sources */ = {isa = PBXBuildFile; fileRef = 9B78EC151F9E98740028AED5 /* AppDelegate.swift */; };
		9B78EC181F9E98750028AED5 /* LoginViewController.swift in Sources */ = {isa = PBXBuildFile; fileRef = 9B78EC171F9E98750028AED5 /* LoginViewController.swift */; };
		9B78EC1B1F9E98750028AED5 /* Main.storyboard in Resources */ = {isa = PBXBuildFile; fileRef = 9B78EC191F9E98750028AED5 /* Main.storyboard */; };
		9B78EC1D1F9E98750028AED5 /* Assets.xcassets in Resources */ = {isa = PBXBuildFile; fileRef = 9B78EC1C1F9E98750028AED5 /* Assets.xcassets */; };
		9B78EC201F9E98750028AED5 /* LaunchScreen.storyboard in Resources */ = {isa = PBXBuildFile; fileRef = 9B78EC1E1F9E98750028AED5 /* LaunchScreen.storyboard */; };
		9B78EC281F9E9AA30028AED5 /* InitialViewController.swift in Sources */ = {isa = PBXBuildFile; fileRef = 9B78EC271F9E9AA30028AED5 /* InitialViewController.swift */; };
		9B78EC2D1F9E9D010028AED5 /* InstructionViewController.swift in Sources */ = {isa = PBXBuildFile; fileRef = 9B78EC2C1F9E9D010028AED5 /* InstructionViewController.swift */; };
		9B78EC311F9E9E730028AED5 /* RankingTableViewController.swift in Sources */ = {isa = PBXBuildFile; fileRef = 9B78EC301F9E9E730028AED5 /* RankingTableViewController.swift */; };
		9B9CD7771FA00740007A77C9 /* QuestionViewController.swift in Sources */ = {isa = PBXBuildFile; fileRef = 9B78EC2A1F9E9BF30028AED5 /* QuestionViewController.swift */; };
		9BA5B02F1FA3B0AB006AEB21 /* icon-user.png in Resources */ = {isa = PBXBuildFile; fileRef = 9BA5B02D1FA3B0A8006AEB21 /* icon-user.png */; };
		9BA5B0301FA3B0AD006AEB21 /* icon-password.png in Resources */ = {isa = PBXBuildFile; fileRef = 9BA5B02E1FA3B0A8006AEB21 /* icon-password.png */; };
		9BE1E2D51FA1415B00183AA6 /* EndQuizSummary.swift in Sources */ = {isa = PBXBuildFile; fileRef = 9BE1E2D41FA1415B00183AA6 /* EndQuizSummary.swift */; };
		9BE1E3171FA164FD00183AA6 /* RankingItem.swift in Sources */ = {isa = PBXBuildFile; fileRef = 9BE1E3161FA164FD00183AA6 /* RankingItem.swift */; };
/* End PBXBuildFile section */

/* Begin PBXFileReference section */
		9B4D23501F9EC8D700C9926C /* RankingTableViewCell.swift */ = {isa = PBXFileReference; lastKnownFileType = sourcecode.swift; path = RankingTableViewCell.swift; sourceTree = "<group>"; };
		9B4D23551F9ED8D200C9926C /* Question.swift */ = {isa = PBXFileReference; lastKnownFileType = sourcecode.swift; path = Question.swift; sourceTree = "<group>"; };
		9B6EDBAC1FA21C4E00A7387F /* RankingManagement.swift */ = {isa = PBXFileReference; lastKnownFileType = sourcecode.swift; path = RankingManagement.swift; sourceTree = "<group>"; };
		9B6EDBAE1FA225AE00A7387F /* QuestionsManagement.swift */ = {isa = PBXFileReference; lastKnownFileType = sourcecode.swift; path = QuestionsManagement.swift; sourceTree = "<group>"; };
		9B6EDBB11FA23E5F00A7387F /* background-login-image.jpg */ = {isa = PBXFileReference; lastKnownFileType = image.jpeg; path = "background-login-image.jpg"; sourceTree = "<group>"; };
		9B6EDBB31FA2422E00A7387F /* Shorthalt_Personal_Use.otf */ = {isa = PBXFileReference; lastKnownFileType = file; path = Shorthalt_Personal_Use.otf; sourceTree = "<group>"; };
		9B6EDBB41FA2423000A7387F /* Shorthalt_Thin_Personal_Use.otf */ = {isa = PBXFileReference; lastKnownFileType = file; path = Shorthalt_Thin_Personal_Use.otf; sourceTree = "<group>"; };
		9B78EC121F9E98740028AED5 /* C0711561_MAD3115_Quiz.app */ = {isa = PBXFileReference; explicitFileType = wrapper.application; includeInIndex = 0; path = C0711561_MAD3115_Quiz.app; sourceTree = BUILT_PRODUCTS_DIR; };
		9B78EC151F9E98740028AED5 /* AppDelegate.swift */ = {isa = PBXFileReference; lastKnownFileType = sourcecode.swift; path = AppDelegate.swift; sourceTree = "<group>"; };
		9B78EC171F9E98750028AED5 /* LoginViewController.swift */ = {isa = PBXFileReference; lastKnownFileType = sourcecode.swift; path = LoginViewController.swift; sourceTree = "<group>"; };
		9B78EC1A1F9E98750028AED5 /* Base */ = {isa = PBXFileReference; lastKnownFileType = file.storyboard; name = Base; path = Base.lproj/Main.storyboard; sourceTree = "<group>"; };
		9B78EC1C1F9E98750028AED5 /* Assets.xcassets */ = {isa = PBXFileReference; lastKnownFileType = folder.assetcatalog; path = Assets.xcassets; sourceTree = "<group>"; };
		9B78EC1F1F9E98750028AED5 /* Base */ = {isa = PBXFileReference; lastKnownFileType = file.storyboard; name = Base; path = Base.lproj/LaunchScreen.storyboard; sourceTree = "<group>"; };
		9B78EC211F9E98750028AED5 /* Info.plist */ = {isa = PBXFileReference; lastKnownFileType = text.plist.xml; path = Info.plist; sourceTree = "<group>"; };
		9B78EC271F9E9AA30028AED5 /* InitialViewController.swift */ = {isa = PBXFileReference; lastKnownFileType = sourcecode.swift; path = InitialViewController.swift; sourceTree = "<group>"; };
		9B78EC2A1F9E9BF30028AED5 /* QuestionViewController.swift */ = {isa = PBXFileReference; lastKnownFileType = sourcecode.swift; path = QuestionViewController.swift; sourceTree = "<group>"; };
		9B78EC2C1F9E9D010028AED5 /* InstructionViewController.swift */ = {isa = PBXFileReference; lastKnownFileType = sourcecode.swift; path = InstructionViewController.swift; sourceTree = "<group>"; };
		9B78EC301F9E9E730028AED5 /* RankingTableViewController.swift */ = {isa = PBXFileReference; lastKnownFileType = sourcecode.swift; path = RankingTableViewController.swift; sourceTree = "<group>"; };
		9BA5B02D1FA3B0A8006AEB21 /* icon-user.png */ = {isa = PBXFileReference; lastKnownFileType = image.png; path = "icon-user.png"; sourceTree = "<group>"; };
		9BA5B02E1FA3B0A8006AEB21 /* icon-password.png */ = {isa = PBXFileReference; lastKnownFileType = image.png; path = "icon-password.png"; sourceTree = "<group>"; };
		9BE1E2D41FA1415B00183AA6 /* EndQuizSummary.swift */ = {isa = PBXFileReference; lastKnownFileType = sourcecode.swift; path = EndQuizSummary.swift; sourceTree = "<group>"; };
		9BE1E3161FA164FD00183AA6 /* RankingItem.swift */ = {isa = PBXFileReference; lastKnownFileType = sourcecode.swift; path = RankingItem.swift; sourceTree = "<group>"; };
/* End PBXFileReference section */

/* Begin PBXFrameworksBuildPhase section */
		9B78EC0F1F9E98740028AED5 /* Frameworks */ = {
			isa = PBXFrameworksBuildPhase;
			buildActionMask = 2147483647;
			files = (
			);
			runOnlyForDeploymentPostprocessing = 0;
		};
/* End PBXFrameworksBuildPhase section */

/* Begin PBXGroup section */
		9B4D23521F9ECFE900C9926C /* Model */ = {
			isa = PBXGroup;
			children = (
				9B4D23551F9ED8D200C9926C /* Question.swift */,
				9BE1E2D41FA1415B00183AA6 /* EndQuizSummary.swift */,
				9BE1E3161FA164FD00183AA6 /* RankingItem.swift */,
				9B6EDBAC1FA21C4E00A7387F /* RankingManagement.swift */,
				9B6EDBAE1FA225AE00A7387F /* QuestionsManagement.swift */,
			);
			path = Model;
			sourceTree = "<group>";
		};
		9B6EDBB01FA23E5700A7387F /* Resources */ = {
			isa = PBXGroup;
			children = (
				9BA5B02D1FA3B0A8006AEB21 /* icon-user.png */,
				9BA5B02E1FA3B0A8006AEB21 /* icon-password.png */,
				9B6EDBB31FA2422E00A7387F /* Shorthalt_Personal_Use.otf */,
				9B6EDBB41FA2423000A7387F /* Shorthalt_Thin_Personal_Use.otf */,
				9B6EDBB11FA23E5F00A7387F /* background-login-image.jpg */,
			);
			path = Resources;
			sourceTree = "<group>";
		};
		9B78EC091F9E98740028AED5 = {
			isa = PBXGroup;
			children = (
				9B78EC141F9E98740028AED5 /* C0711561_MAD3115_Quiz */,
				9B78EC131F9E98740028AED5 /* Products */,
				9B9CD7791FA00B3F007A77C9 /* Frameworks */,
			);
			sourceTree = "<group>";
		};
		9B78EC131F9E98740028AED5 /* Products */ = {
			isa = PBXGroup;
			children = (
				9B78EC121F9E98740028AED5 /* C0711561_MAD3115_Quiz.app */,
			);
			name = Products;
			sourceTree = "<group>";
		};
		9B78EC141F9E98740028AED5 /* C0711561_MAD3115_Quiz */ = {
			isa = PBXGroup;
			children = (
				9B6EDBB01FA23E5700A7387F /* Resources */,
				9B4D23521F9ECFE900C9926C /* Model */,
				9B78EC291F9E9AAE0028AED5 /* Controller */,
				9B78EC151F9E98740028AED5 /* AppDelegate.swift */,
				9B78EC191F9E98750028AED5 /* Main.storyboard */,
				9B78EC1C1F9E98750028AED5 /* Assets.xcassets */,
				9B78EC1E1F9E98750028AED5 /* LaunchScreen.storyboard */,
				9B78EC211F9E98750028AED5 /* Info.plist */,
				9B4D23501F9EC8D700C9926C /* RankingTableViewCell.swift */,
			);
			path = C0711561_MAD3115_Quiz;
			sourceTree = "<group>";
		};
		9B78EC291F9E9AAE0028AED5 /* Controller */ = {
			isa = PBXGroup;
			children = (
				9B78EC271F9E9AA30028AED5 /* InitialViewController.swift */,
				9B78EC171F9E98750028AED5 /* LoginViewController.swift */,
				9B78EC2A1F9E9BF30028AED5 /* QuestionViewController.swift */,
				9B78EC2C1F9E9D010028AED5 /* InstructionViewController.swift */,
				9B78EC301F9E9E730028AED5 /* RankingTableViewController.swift */,
			);
			path = Controller;
			sourceTree = "<group>";
		};
		9B9CD7791FA00B3F007A77C9 /* Frameworks */ = {
			isa = PBXGroup;
			children = (
			);
			name = Frameworks;
			sourceTree = "<group>";
		};
/* End PBXGroup section */

/* Begin PBXNativeTarget section */
		9B78EC111F9E98740028AED5 /* C0711561_MAD3115_Quiz */ = {
			isa = PBXNativeTarget;
			buildConfigurationList = 9B78EC241F9E98750028AED5 /* Build configuration list for PBXNativeTarget "C0711561_MAD3115_Quiz" */;
			buildPhases = (
				9B78EC0E1F9E98740028AED5 /* Sources */,
				9B78EC0F1F9E98740028AED5 /* Frameworks */,
				9B78EC101F9E98740028AED5 /* Resources */,
			);
			buildRules = (
			);
			dependencies = (
			);
			name = C0711561_MAD3115_Quiz;
			productName = C0711561_MAD3115_Quiz;
			productReference = 9B78EC121F9E98740028AED5 /* C0711561_MAD3115_Quiz.app */;
			productType = "com.apple.product-type.application";
		};
/* End PBXNativeTarget section */

/* Begin PBXProject section */
		9B78EC0A1F9E98740028AED5 /* Project object */ = {
			isa = PBXProject;
			attributes = {
				LastSwiftUpdateCheck = 0900;
				LastUpgradeCheck = 0900;
				ORGANIZATIONNAME = MacStudent;
				TargetAttributes = {
					9B78EC111F9E98740028AED5 = {
						CreatedOnToolsVersion = 9.0;
						LastSwiftMigration = 0900;
						ProvisioningStyle = Automatic;
					};
				};
			};
			buildConfigurationList = 9B78EC0D1F9E98740028AED5 /* Build configuration list for PBXProject "C0711561_MAD3115_Quiz" */;
			compatibilityVersion = "Xcode 8.0";
			developmentRegion = en;
			hasScannedForEncodings = 0;
			knownRegions = (
				en,
				Base,
			);
			mainGroup = 9B78EC091F9E98740028AED5;
			productRefGroup = 9B78EC131F9E98740028AED5 /* Products */;
			projectDirPath = "";
			projectRoot = "";
			targets = (
				9B78EC111F9E98740028AED5 /* C0711561_MAD3115_Quiz */,
			);
		};
/* End PBXProject section */

/* Begin PBXResourcesBuildPhase section */
		9B78EC101F9E98740028AED5 /* Resources */ = {
			isa = PBXResourcesBuildPhase;
			buildActionMask = 2147483647;
			files = (
				9B78EC201F9E98750028AED5 /* LaunchScreen.storyboard in Resources */,
				9B6EDBB51FA2423400A7387F /* Shorthalt_Personal_Use.otf in Resources */,
				9BA5B0301FA3B0AD006AEB21 /* icon-password.png in Resources */,
				9B78EC1D1F9E98750028AED5 /* Assets.xcassets in Resources */,
				9BA5B02F1FA3B0AB006AEB21 /* icon-user.png in Resources */,
				9B78EC1B1F9E98750028AED5 /* Main.storyboard in Resources */,
				9B6EDBB21FA23E6200A7387F /* background-login-image.jpg in Resources */,
				9B6EDBB61FA2423700A7387F /* Shorthalt_Thin_Personal_Use.otf in Resources */,
			);
			runOnlyForDeploymentPostprocessing = 0;
		};
/* End PBXResourcesBuildPhase section */

/* Begin PBXSourcesBuildPhase section */
		9B78EC0E1F9E98740028AED5 /* Sources */ = {
			isa = PBXSourcesBuildPhase;
			buildActionMask = 2147483647;
			files = (
				9B6EDBAF1FA225AE00A7387F /* QuestionsManagement.swift in Sources */,
				9B78EC2D1F9E9D010028AED5 /* InstructionViewController.swift in Sources */,
				9BE1E2D51FA1415B00183AA6 /* EndQuizSummary.swift in Sources */,
				9B78EC181F9E98750028AED5 /* LoginViewController.swift in Sources */,
				9BE1E3171FA164FD00183AA6 /* RankingItem.swift in Sources */,
				9B4D23511F9EC8D700C9926C /* RankingTableViewCell.swift in Sources */,
				9B4D23561F9ED8D200C9926C /* Question.swift in Sources */,
				9B78EC281F9E9AA30028AED5 /* InitialViewController.swift in Sources */,
				9B6EDBAD1FA21C4E00A7387F /* RankingManagement.swift in Sources */,
				9B78EC311F9E9E730028AED5 /* RankingTableViewController.swift in Sources */,
				9B78EC161F9E98740028AED5 /* AppDelegate.swift in Sources */,
				9B9CD7771FA00740007A77C9 /* QuestionViewController.swift in Sources */,
			);
			runOnlyForDeploymentPostprocessing = 0;
		};
/* End PBXSourcesBuildPhase section */

/* Begin PBXVariantGroup section */
		9B78EC191F9E98750028AED5 /* Main.storyboard */ = {
			isa = PBXVariantGroup;
			children = (
				9B78EC1A1F9E98750028AED5 /* Base */,
			);
			name = Main.storyboard;
			sourceTree = "<group>";
		};
		9B78EC1E1F9E98750028AED5 /* LaunchScreen.storyboard */ = {
			isa = PBXVariantGroup;
			children = (
				9B78EC1F1F9E98750028AED5 /* Base */,
			);
			name = LaunchScreen.storyboard;
			sourceTree = "<group>";
		};
/* End PBXVariantGroup section */

/* Begin XCBuildConfiguration section */
		9B78EC221F9E98750028AED5 /* Debug */ = {
			isa = XCBuildConfiguration;
			buildSettings = {
				ALWAYS_SEARCH_USER_PATHS = NO;
				CLANG_ANALYZER_NONNULL = YES;
				CLANG_ANALYZER_NUMBER_OBJECT_CONVERSION = YES_AGGRESSIVE;
				CLANG_CXX_LANGUAGE_STANDARD = "gnu++14";
				CLANG_CXX_LIBRARY = "libc++";
				CLANG_ENABLE_MODULES = YES;
				CLANG_ENABLE_OBJC_ARC = YES;
				CLANG_WARN_BLOCK_CAPTURE_AUTORELEASING = YES;
				CLANG_WARN_BOOL_CONVERSION = YES;
				CLANG_WARN_COMMA = YES;
				CLANG_WARN_CONSTANT_CONVERSION = YES;
				CLANG_WARN_DIRECT_OBJC_ISA_USAGE = YES_ERROR;
				CLANG_WARN_DOCUMENTATION_COMMENTS = YES;
				CLANG_WARN_EMPTY_BODY = YES;
				CLANG_WARN_ENUM_CONVERSION = YES;
				CLANG_WARN_INFINITE_RECURSION = YES;
				CLANG_WARN_INT_CONVERSION = YES;
				CLANG_WARN_NON_LITERAL_NULL_CONVERSION = YES;
				CLANG_WARN_OBJC_LITERAL_CONVERSION = YES;
				CLANG_WARN_OBJC_ROOT_CLASS = YES_ERROR;
				CLANG_WARN_RANGE_LOOP_ANALYSIS = YES;
				CLANG_WARN_STRICT_PROTOTYPES = YES;
				CLANG_WARN_SUSPICIOUS_MOVE = YES;
				CLANG_WARN_UNGUARDED_AVAILABILITY = YES_AGGRESSIVE;
				CLANG_WARN_UNREACHABLE_CODE = YES;
				CLANG_WARN__DUPLICATE_METHOD_MATCH = YES;
				CODE_SIGN_IDENTITY = "iPhone Developer";
				COPY_PHASE_STRIP = NO;
				DEBUG_INFORMATION_FORMAT = dwarf;
				ENABLE_STRICT_OBJC_MSGSEND = YES;
				ENABLE_TESTABILITY = YES;
				GCC_C_LANGUAGE_STANDARD = gnu11;
				GCC_DYNAMIC_NO_PIC = NO;
				GCC_NO_COMMON_BLOCKS = YES;
				GCC_OPTIMIZATION_LEVEL = 0;
				GCC_PREPROCESSOR_DEFINITIONS = (
					"DEBUG=1",
					"$(inherited)",
				);
				GCC_WARN_64_TO_32_BIT_CONVERSION = YES;
				GCC_WARN_ABOUT_RETURN_TYPE = YES_ERROR;
				GCC_WARN_UNDECLARED_SELECTOR = YES;
				GCC_WARN_UNINITIALIZED_AUTOS = YES_AGGRESSIVE;
				GCC_WARN_UNUSED_FUNCTION = YES;
				GCC_WARN_UNUSED_VARIABLE = YES;
				IPHONEOS_DEPLOYMENT_TARGET = 11.0;
				MTL_ENABLE_DEBUG_INFO = YES;
				ONLY_ACTIVE_ARCH = YES;
				SDKROOT = iphoneos;
				SWIFT_ACTIVE_COMPILATION_CONDITIONS = DEBUG;
				SWIFT_OPTIMIZATION_LEVEL = "-Onone";
			};
			name = Debug;
		};
		9B78EC231F9E98750028AED5 /* Release */ = {
			isa = XCBuildConfiguration;
			buildSettings = {
				ALWAYS_SEARCH_USER_PATHS = NO;
				CLANG_ANALYZER_NONNULL = YES;
				CLANG_ANALYZER_NUMBER_OBJECT_CONVERSION = YES_AGGRESSIVE;
				CLANG_CXX_LANGUAGE_STANDARD = "gnu++14";
				CLANG_CXX_LIBRARY = "libc++";
				CLANG_ENABLE_MODULES = YES;
				CLANG_ENABLE_OBJC_ARC = YES;
				CLANG_WARN_BLOCK_CAPTURE_AUTORELEASING = YES;
				CLANG_WARN_BOOL_CONVERSION = YES;
				CLANG_WARN_COMMA = YES;
				CLANG_WARN_CONSTANT_CONVERSION = YES;
				CLANG_WARN_DIRECT_OBJC_ISA_USAGE = YES_ERROR;
				CLANG_WARN_DOCUMENTATION_COMMENTS = YES;
				CLANG_WARN_EMPTY_BODY = YES;
				CLANG_WARN_ENUM_CONVERSION = YES;
				CLANG_WARN_INFINITE_RECURSION = YES;
				CLANG_WARN_INT_CONVERSION = YES;
				CLANG_WARN_NON_LITERAL_NULL_CONVERSION = YES;
				CLANG_WARN_OBJC_LITERAL_CONVERSION = YES;
				CLANG_WARN_OBJC_ROOT_CLASS = YES_ERROR;
				CLANG_WARN_RANGE_LOOP_ANALYSIS = YES;
				CLANG_WARN_STRICT_PROTOTYPES = YES;
				CLANG_WARN_SUSPICIOUS_MOVE = YES;
				CLANG_WARN_UNGUARDED_AVAILABILITY = YES_AGGRESSIVE;
				CLANG_WARN_UNREACHABLE_CODE = YES;
				CLANG_WARN__DUPLICATE_METHOD_MATCH = YES;
				CODE_SIGN_IDENTITY = "iPhone Developer";
				COPY_PHASE_STRIP = NO;
				DEBUG_INFORMATION_FORMAT = "dwarf-with-dsym";
				ENABLE_NS_ASSERTIONS = NO;
				ENABLE_STRICT_OBJC_MSGSEND = YES;
				GCC_C_LANGUAGE_STANDARD = gnu11;
				GCC_NO_COMMON_BLOCKS = YES;
				GCC_WARN_64_TO_32_BIT_CONVERSION = YES;
				GCC_WARN_ABOUT_RETURN_TYPE = YES_ERROR;
				GCC_WARN_UNDECLARED_SELECTOR = YES;
				GCC_WARN_UNINITIALIZED_AUTOS = YES_AGGRESSIVE;
				GCC_WARN_UNUSED_FUNCTION = YES;
				GCC_WARN_UNUSED_VARIABLE = YES;
				IPHONEOS_DEPLOYMENT_TARGET = 11.0;
				MTL_ENABLE_DEBUG_INFO = NO;
				SDKROOT = iphoneos;
				SWIFT_OPTIMIZATION_LEVEL = "-Owholemodule";
				VALIDATE_PRODUCT = YES;
			};
			name = Release;
		};
		9B78EC251F9E98750028AED5 /* Debug */ = {
			isa = XCBuildConfiguration;
			buildSettings = {
				ASSETCATALOG_COMPILER_APPICON_NAME = AppIcon;
				CLANG_ENABLE_MODULES = YES;
				CODE_SIGN_STYLE = Automatic;
				FRAMEWORK_SEARCH_PATHS = (
					"$(inherited)",
					"$(PROJECT_DIR)",
				);
				INFOPLIST_FILE = C0711561_MAD3115_Quiz/Info.plist;
				LD_RUNPATH_SEARCH_PATHS = "$(inherited) @executable_path/Frameworks";
				PRODUCT_BUNDLE_IDENTIFIER = "CestarCollege.C0711561-MAD3115-Quiz";
				PRODUCT_NAME = "$(TARGET_NAME)";
				SWIFT_OPTIMIZATION_LEVEL = "-Onone";
				SWIFT_VERSION = 4.0;
				TARGETED_DEVICE_FAMILY = "1,2";
			};
			name = Debug;
		};
		9B78EC261F9E98750028AED5 /* Release */ = {
			isa = XCBuildConfiguration;
			buildSettings = {
				ASSETCATALOG_COMPILER_APPICON_NAME = AppIcon;
				CLANG_ENABLE_MODULES = YES;
				CODE_SIGN_STYLE = Automatic;
				FRAMEWORK_SEARCH_PATHS = (
					"$(inherited)",
					"$(PROJECT_DIR)",
				);
				INFOPLIST_FILE = C0711561_MAD3115_Quiz/Info.plist;
				LD_RUNPATH_SEARCH_PATHS = "$(inherited) @executable_path/Frameworks";
				PRODUCT_BUNDLE_IDENTIFIER = "CestarCollege.C0711561-MAD3115-Quiz";
				PRODUCT_NAME = "$(TARGET_NAME)";
				SWIFT_VERSION = 4.0;
				TARGETED_DEVICE_FAMILY = "1,2";
			};
			name = Release;
		};
/* End XCBuildConfiguration section */

/* Begin XCConfigurationList section */
		9B78EC0D1F9E98740028AED5 /* Build configuration list for PBXProject "C0711561_MAD3115_Quiz" */ = {
			isa = XCConfigurationList;
			buildConfigurations = (
				9B78EC221F9E98750028AED5 /* Debug */,
				9B78EC231F9E98750028AED5 /* Release */,
			);
			defaultConfigurationIsVisible = 0;
			defaultConfigurationName = Release;
		};
		9B78EC241F9E98750028AED5 /* Build configuration list for PBXNativeTarget "C0711561_MAD3115_Quiz" */ = {
			isa = XCConfigurationList;
			buildConfigurations = (
				9B78EC251F9E98750028AED5 /* Debug */,
				9B78EC261F9E98750028AED5 /* Release */,
			);
			defaultConfigurationIsVisible = 0;
			defaultConfigurationName = Release;
		};
/* End XCConfigurationList section */
	};
	rootObject = 9B78EC0A1F9E98740028AED5 /* Project object */;
}
